
Microsoft Visual Studio Solution File, Format Version 12.00
# Visual Studio Version 17
VisualStudioVersion = 17.14.36408.4 d17.14
MinimumVisualStudioVersion = 10.0.40219.1
Project("{FAE04EC0-301F-11D3-BF4B-00C04F79EFBC}") = "IdeaCenterExamPrep1", "IdeaCenterExamPrep1\IdeaCenterExamPrep1.csproj", "{6DFA11F3-0961-4077-BD03-746FC4F520EC}"
EndProject
Global
	GlobalSection(SolutionConfigurationPlatforms) = preSolution
		Debug|Any CPU = Debug|Any CPU
		Release|Any CPU = Release|Any CPU
	EndGlobalSection
	GlobalSection(ProjectConfigurationPlatforms) = postSolution
		{6DFA11F3-0961-4077-BD03-746FC4F520EC}.Debug|Any CPU.ActiveCfg = Debug|Any CPU
		{6DFA11F3-0961-4077-BD03-746FC4F520EC}.Debug|Any CPU.Build.0 = Debug|Any CPU
		{6DFA11F3-0961-4077-BD03-746FC4F520EC}.Release|Any CPU.ActiveCfg = Release|Any CPU
		{6DFA11F3-0961-4077-BD03-746FC4F520EC}.Release|Any CPU.Build.0 = Release|Any CPU
	EndGlobalSection
	GlobalSection(SolutionProperties) = preSolution
		HideSolutionNode = FALSE
	EndGlobalSection
	GlobalSection(ExtensibilityGlobals) = postSolution
		SolutionGuid = {393A9C36-47FE-4396-B62A-3191FB344F4D}
	EndGlobalSection
EndGlobal
